
Microsoft Visual Studio Solution File, Format Version 10.00
# Visual Studio 2008
Project("{8BC9CEB8-8B4A-11D0-8D11-00A0C91BC942}") = "ip_test_server", "ip_test_server\ip_test_server.vcproj", "{E62B8F4A-864D-42A2-B366-C4B849EF572F}"
EndProject
Global
	GlobalSection(SolutionConfigurationPlatforms) = preSolution
		Debug|Win32 = Debug|Win32
		Release|Win32 = Release|Win32
	EndGlobalSection
	GlobalSection(ProjectConfigurationPlatforms) = postSolution
		{E62B8F4A-864D-42A2-B366-C4B849EF572F}.Debug|Win32.ActiveCfg = Debug|Win32
		{E62B8F4A-864D-42A2-B366-C4B849EF572F}.Debug|Win32.Build.0 = Debug|Win32
		{E62B8F4A-864D-42A2-B366-C4B849EF572F}.Release|Win32.ActiveCfg = Release|Win32
		{E62B8F4A-864D-42A2-B366-C4B849EF572F}.Release|Win32.Build.0 = Release|Win32
	EndGlobalSection
	GlobalSection(SolutionProperties) = preSolution
		HideSolutionNode = FALSE
	EndGlobalSection
EndGlobal
